
Microsoft Visual Studio Solution File, Format Version 12.00
# Visual Studio 15
VisualStudioVersion = 15.0.27703.2000
MinimumVisualStudioVersion = 10.0.40219.1
Project("{FAE04EC0-301F-11D3-BF4B-00C04F79EFBC}") = "Mix", "Mix\Mix.csproj", "{161AFACE-7E7C-407E-A4B1-CA146C8CFF5C}"
EndProject
Global
	GlobalSection(SolutionConfigurationPlatforms) = preSolution
		Debug|Any CPU = Debug|Any CPU
		Release|Any CPU = Release|Any CPU
	EndGlobalSection
	GlobalSection(ProjectConfigurationPlatforms) = postSolution
		{161AFACE-7E7C-407E-A4B1-CA146C8CFF5C}.Debug|Any CPU.ActiveCfg = Debug|Any CPU
		{161AFACE-7E7C-407E-A4B1-CA146C8CFF5C}.Debug|Any CPU.Build.0 = Debug|Any CPU
		{161AFACE-7E7C-407E-A4B1-CA146C8CFF5C}.Release|Any CPU.ActiveCfg = Release|Any CPU
		{161AFACE-7E7C-407E-A4B1-CA146C8CFF5C}.Release|Any CPU.Build.0 = Release|Any CPU
	EndGlobalSection
	GlobalSection(SolutionProperties) = preSolution
		HideSolutionNode = FALSE
	EndGlobalSection
	GlobalSection(ExtensibilityGlobals) = postSolution
		SolutionGuid = {661347CC-4C1F-4A8C-AD9E-EB1619211D6D}
	EndGlobalSection
EndGlobal
